// !$*UTF8*$!
{
	archiveVersion = 1;
	classes = {
	};
	objectVersion = 70;
	objects = {

/* Begin PBXBuildFile section */
		4297AC872DDC98B0005842B2 /* AppDelegate.swift in Sources */ = {isa = PBXBuildFile; fileRef = 4297AC862DDC98B0005842B2 /* AppDelegate.swift */; };
		4297AC892DDC98B0005842B2 /* SceneDelegate.swift in Sources */ = {isa = PBXBuildFile; fileRef = 4297AC882DDC98B0005842B2 /* SceneDelegate.swift */; };
		4297AC8B2DDC98B0005842B2 /* ViewController.swift in Sources */ = {isa = PBXBuildFile; fileRef = 4297AC8A2DDC98B0005842B2 /* ViewController.swift */; };
		4297AC8E2DDC98B0005842B2 /* Base in Resources */ = {isa = PBXBuildFile; fileRef = 4297AC8D2DDC98B0005842B2 /* Base */; };
		4297AC902DDC98B2005842B2 /* Assets.xcassets in Resources */ = {isa = PBXBuildFile; fileRef = 4297AC8F2DDC98B2005842B2 /* Assets.xcassets */; };
		4297AC932DDC98B2005842B2 /* Base in Resources */ = {isa = PBXBuildFile; fileRef = 4297AC922DDC98B2005842B2 /* Base */; };
		4297AC9C2DDC9A67005842B2 /* HotwireNative in Frameworks */ = {isa = PBXBuildFile; productRef = 4297AC9B2DDC9A67005842B2 /* HotwireNative */; };
		4297ACA12DDDD4A0005842B2 /* Tab.swift in Sources */ = {isa = PBXBuildFile; fileRef = 4297ACA02DDDD4A0005842B2 /* Tab.swift */; };
		4297ACA42DDDD638005842B2 /* TabBarController.swift in Sources */ = {isa = PBXBuildFile; fileRef = 4297ACA32DDDD638005842B2 /* TabBarController.swift */; };
		4297ACA82DDE13DE005842B2 /* MapView.swift in Sources */ = {isa = PBXBuildFile; fileRef = 4297ACA72DDE13DE005842B2 /* MapView.swift */; };
		4297ACAA2DDE154D005842B2 /* MapController.swift in Sources */ = {isa = PBXBuildFile; fileRef = 4297ACA92DDE154D005842B2 /* MapController.swift */; };
		4297ACAC2DDE25A5005842B2 /* Hike.swift in Sources */ = {isa = PBXBuildFile; fileRef = 4297ACAB2DDE25A5005842B2 /* Hike.swift */; };
		4297ACAF2DDE2650005842B2 /* HikeViewModel.swift in Sources */ = {isa = PBXBuildFile; fileRef = 4297ACAE2DDE2650005842B2 /* HikeViewModel.swift */; };
/* End PBXBuildFile section */

/* Begin PBXFileReference section */
		4297AC832DDC98B0005842B2 /* HikingJournal.app */ = {isa = PBXFileReference; explicitFileType = wrapper.application; includeInIndex = 0; path = HikingJournal.app; sourceTree = BUILT_PRODUCTS_DIR; };
		4297AC862DDC98B0005842B2 /* AppDelegate.swift */ = {isa = PBXFileReference; lastKnownFileType = sourcecode.swift; path = AppDelegate.swift; sourceTree = "<group>"; };
		4297AC882DDC98B0005842B2 /* SceneDelegate.swift */ = {isa = PBXFileReference; lastKnownFileType = sourcecode.swift; path = SceneDelegate.swift; sourceTree = "<group>"; };
		4297AC8A2DDC98B0005842B2 /* ViewController.swift */ = {isa = PBXFileReference; lastKnownFileType = sourcecode.swift; path = ViewController.swift; sourceTree = "<group>"; };
		4297AC8D2DDC98B0005842B2 /* Base */ = {isa = PBXFileReference; lastKnownFileType = file.storyboard; name = Base; path = Base.lproj/Main.storyboard; sourceTree = "<group>"; };
		4297AC8F2DDC98B2005842B2 /* Assets.xcassets */ = {isa = PBXFileReference; lastKnownFileType = folder.assetcatalog; path = Assets.xcassets; sourceTree = "<group>"; };
		4297AC922DDC98B2005842B2 /* Base */ = {isa = PBXFileReference; lastKnownFileType = file.storyboard; name = Base; path = Base.lproj/LaunchScreen.storyboard; sourceTree = "<group>"; };
		4297AC942DDC98B2005842B2 /* Info.plist */ = {isa = PBXFileReference; lastKnownFileType = text.plist.xml; path = Info.plist; sourceTree = "<group>"; };
		4297ACA02DDDD4A0005842B2 /* Tab.swift */ = {isa = PBXFileReference; lastKnownFileType = sourcecode.swift; path = Tab.swift; sourceTree = "<group>"; };
		4297ACA32DDDD638005842B2 /* TabBarController.swift */ = {isa = PBXFileReference; lastKnownFileType = sourcecode.swift; path = TabBarController.swift; sourceTree = "<group>"; };
		4297ACA72DDE13DE005842B2 /* MapView.swift */ = {isa = PBXFileReference; lastKnownFileType = sourcecode.swift; path = MapView.swift; sourceTree = "<group>"; };
		4297ACA92DDE154D005842B2 /* MapController.swift */ = {isa = PBXFileReference; lastKnownFileType = sourcecode.swift; path = MapController.swift; sourceTree = "<group>"; };
		4297ACAB2DDE25A5005842B2 /* Hike.swift */ = {isa = PBXFileReference; lastKnownFileType = sourcecode.swift; path = Hike.swift; sourceTree = "<group>"; };
		4297ACAE2DDE2650005842B2 /* HikeViewModel.swift */ = {isa = PBXFileReference; lastKnownFileType = sourcecode.swift; path = HikeViewModel.swift; sourceTree = "<group>"; };
/* End PBXFileReference section */

/* Begin PBXFileSystemSynchronizedRootGroup section */
		4247D4902DE08BB40057E18C /* Components */ = {isa = PBXFileSystemSynchronizedRootGroup; explicitFileTypes = {}; explicitFolders = (); path = Components; sourceTree = "<group>"; };
/* End PBXFileSystemSynchronizedRootGroup section */

/* Begin PBXFrameworksBuildPhase section */
		4297AC802DDC98B0005842B2 /* Frameworks */ = {
			isa = PBXFrameworksBuildPhase;
			buildActionMask = 2147483647;
			files = (
				4297AC9C2DDC9A67005842B2 /* HotwireNative in Frameworks */,
			);
			runOnlyForDeploymentPostprocessing = 0;
		};
/* End PBXFrameworksBuildPhase section */

/* Begin PBXGroup section */
		4297AC7A2DDC98B0005842B2 = {
			isa = PBXGroup;
			children = (
				4297AC852DDC98B0005842B2 /* App */,
				4297AC842DDC98B0005842B2 /* Products */,
			);
			sourceTree = "<group>";
		};
		4297AC842DDC98B0005842B2 /* Products */ = {
			isa = PBXGroup;
			children = (
				4297AC832DDC98B0005842B2 /* HikingJournal.app */,
			);
			name = Products;
			sourceTree = "<group>";
		};
		4297AC852DDC98B0005842B2 /* App */ = {
			isa = PBXGroup;
			children = (
				4247D4902DE08BB40057E18C /* Components */,
				4297ACAD2DDE2622005842B2 /* ViewModels */,
				4297ACA62DDE1399005842B2 /* Views */,
				4297ACA22DDDD61C005842B2 /* Controllers */,
				4297AC9F2DDDD48D005842B2 /* Models */,
				4297AC9E2DDDCCE0005842B2 /* Resources */,
				4297AC9D2DDDCCC1005842B2 /* Delegates */,
				4297AC8A2DDC98B0005842B2 /* ViewController.swift */,
			);
			path = App;
			sourceTree = "<group>";
		};
		4297AC9D2DDDCCC1005842B2 /* Delegates */ = {
			isa = PBXGroup;
			children = (
				4297AC862DDC98B0005842B2 /* AppDelegate.swift */,
				4297AC882DDC98B0005842B2 /* SceneDelegate.swift */,
			);
			name = Delegates;
			sourceTree = "<group>";
		};
		4297AC9E2DDDCCE0005842B2 /* Resources */ = {
			isa = PBXGroup;
			children = (
				4297AC8C2DDC98B0005842B2 /* Main.storyboard */,
				4297AC8F2DDC98B2005842B2 /* Assets.xcassets */,
				4297AC912DDC98B2005842B2 /* LaunchScreen.storyboard */,
				4297AC942DDC98B2005842B2 /* Info.plist */,
			);
			path = Resources;
			sourceTree = "<group>";
		};
		4297AC9F2DDDD48D005842B2 /* Models */ = {
			isa = PBXGroup;
			children = (
				4297ACA02DDDD4A0005842B2 /* Tab.swift */,
				4297ACAB2DDE25A5005842B2 /* Hike.swift */,
			);
			name = Models;
			sourceTree = "<group>";
		};
		4297ACA22DDDD61C005842B2 /* Controllers */ = {
			isa = PBXGroup;
			children = (
				4297ACA32DDDD638005842B2 /* TabBarController.swift */,
				4297ACA92DDE154D005842B2 /* MapController.swift */,
			);
			path = Controllers;
			sourceTree = "<group>";
		};
		4297ACA62DDE1399005842B2 /* Views */ = {
			isa = PBXGroup;
			children = (
				4297ACA72DDE13DE005842B2 /* MapView.swift */,
			);
			path = Views;
			sourceTree = "<group>";
		};
		4297ACAD2DDE2622005842B2 /* ViewModels */ = {
			isa = PBXGroup;
			children = (
				4297ACAE2DDE2650005842B2 /* HikeViewModel.swift */,
			);
			path = ViewModels;
			sourceTree = "<group>";
		};
/* End PBXGroup section */

/* Begin PBXNativeTarget section */
		4297AC822DDC98B0005842B2 /* HikingJournal */ = {
			isa = PBXNativeTarget;
			buildConfigurationList = 4297AC972DDC98B2005842B2 /* Build configuration list for PBXNativeTarget "HikingJournal" */;
			buildPhases = (
				4297AC7F2DDC98B0005842B2 /* Sources */,
				4297AC802DDC98B0005842B2 /* Frameworks */,
				4297AC812DDC98B0005842B2 /* Resources */,
			);
			buildRules = (
			);
			dependencies = (
			);
			fileSystemSynchronizedGroups = (
				4247D4902DE08BB40057E18C /* Components */,
			);
			name = HikingJournal;
			packageProductDependencies = (
				4297AC9B2DDC9A67005842B2 /* HotwireNative */,
			);
			productName = HikingJournal;
			productReference = 4297AC832DDC98B0005842B2 /* HikingJournal.app */;
			productType = "com.apple.product-type.application";
		};
/* End PBXNativeTarget section */

/* Begin PBXProject section */
		4297AC7B2DDC98B0005842B2 /* Project object */ = {
			isa = PBXProject;
			attributes = {
				BuildIndependentTargetsInParallel = 1;
				LastSwiftUpdateCheck = 1540;
				LastUpgradeCheck = 1540;
				TargetAttributes = {
					4297AC822DDC98B0005842B2 = {
						CreatedOnToolsVersion = 15.4;
					};
				};
			};
			buildConfigurationList = 4297AC7E2DDC98B0005842B2 /* Build configuration list for PBXProject "HikingJournal" */;
			compatibilityVersion = "Xcode 14.0";
			developmentRegion = en;
			hasScannedForEncodings = 0;
			knownRegions = (
				en,
				Base,
			);
			mainGroup = 4297AC7A2DDC98B0005842B2;
			packageReferences = (
				4297AC9A2DDC9A67005842B2 /* XCRemoteSwiftPackageReference "hotwire-native-ios" */,
			);
			productRefGroup = 4297AC842DDC98B0005842B2 /* Products */;
			projectDirPath = "";
			projectRoot = "";
			targets = (
				4297AC822DDC98B0005842B2 /* HikingJournal */,
			);
		};
/* End PBXProject section */

/* Begin PBXResourcesBuildPhase section */
		4297AC812DDC98B0005842B2 /* Resources */ = {
			isa = PBXResourcesBuildPhase;
			buildActionMask = 2147483647;
			files = (
				4297AC902DDC98B2005842B2 /* Assets.xcassets in Resources */,
				4297AC932DDC98B2005842B2 /* Base in Resources */,
				4297AC8E2DDC98B0005842B2 /* Base in Resources */,
			);
			runOnlyForDeploymentPostprocessing = 0;
		};
/* End PBXResourcesBuildPhase section */

/* Begin PBXSourcesBuildPhase section */
		4297AC7F2DDC98B0005842B2 /* Sources */ = {
			isa = PBXSourcesBuildPhase;
			buildActionMask = 2147483647;
			files = (
				4297AC8B2DDC98B0005842B2 /* ViewController.swift in Sources */,
				4297ACAA2DDE154D005842B2 /* MapController.swift in Sources */,
				4297ACA82DDE13DE005842B2 /* MapView.swift in Sources */,
				4297AC872DDC98B0005842B2 /* AppDelegate.swift in Sources */,
				4297AC892DDC98B0005842B2 /* SceneDelegate.swift in Sources */,
				4297ACA42DDDD638005842B2 /* TabBarController.swift in Sources */,
				4297ACAF2DDE2650005842B2 /* HikeViewModel.swift in Sources */,
				4297ACAC2DDE25A5005842B2 /* Hike.swift in Sources */,
				4297ACA12DDDD4A0005842B2 /* Tab.swift in Sources */,
			);
			runOnlyForDeploymentPostprocessing = 0;
		};
/* End PBXSourcesBuildPhase section */

/* Begin PBXVariantGroup section */
		4297AC8C2DDC98B0005842B2 /* Main.storyboard */ = {
			isa = PBXVariantGroup;
			children = (
				4297AC8D2DDC98B0005842B2 /* Base */,
			);
			name = Main.storyboard;
			sourceTree = "<group>";
		};
		4297AC912DDC98B2005842B2 /* LaunchScreen.storyboard */ = {
			isa = PBXVariantGroup;
			children = (
				4297AC922DDC98B2005842B2 /* Base */,
			);
			name = LaunchScreen.storyboard;
			sourceTree = "<group>";
		};
/* End PBXVariantGroup section */

/* Begin XCBuildConfiguration section */
		4297AC952DDC98B2005842B2 /* Debug */ = {
			isa = XCBuildConfiguration;
			buildSettings = {
				ALWAYS_SEARCH_USER_PATHS = NO;
				ASSETCATALOG_COMPILER_GENERATE_SWIFT_ASSET_SYMBOL_EXTENSIONS = YES;
				CLANG_ANALYZER_NONNULL = YES;
				CLANG_ANALYZER_NUMBER_OBJECT_CONVERSION = YES_AGGRESSIVE;
				CLANG_CXX_LANGUAGE_STANDARD = "gnu++20";
				CLANG_ENABLE_MODULES = YES;
				CLANG_ENABLE_OBJC_ARC = YES;
				CLANG_ENABLE_OBJC_WEAK = YES;
				CLANG_WARN_BLOCK_CAPTURE_AUTORELEASING = YES;
				CLANG_WARN_BOOL_CONVERSION = YES;
				CLANG_WARN_COMMA = YES;
				CLANG_WARN_CONSTANT_CONVERSION = YES;
				CLANG_WARN_DEPRECATED_OBJC_IMPLEMENTATIONS = YES;
				CLANG_WARN_DIRECT_OBJC_ISA_USAGE = YES_ERROR;
				CLANG_WARN_DOCUMENTATION_COMMENTS = YES;
				CLANG_WARN_EMPTY_BODY = YES;
				CLANG_WARN_ENUM_CONVERSION = YES;
				CLANG_WARN_INFINITE_RECURSION = YES;
				CLANG_WARN_INT_CONVERSION = YES;
				CLANG_WARN_NON_LITERAL_NULL_CONVERSION = YES;
				CLANG_WARN_OBJC_IMPLICIT_RETAIN_SELF = YES;
				CLANG_WARN_OBJC_LITERAL_CONVERSION = YES;
				CLANG_WARN_OBJC_ROOT_CLASS = YES_ERROR;
				CLANG_WARN_QUOTED_INCLUDE_IN_FRAMEWORK_HEADER = YES;
				CLANG_WARN_RANGE_LOOP_ANALYSIS = YES;
				CLANG_WARN_STRICT_PROTOTYPES = YES;
				CLANG_WARN_SUSPICIOUS_MOVE = YES;
				CLANG_WARN_UNGUARDED_AVAILABILITY = YES_AGGRESSIVE;
				CLANG_WARN_UNREACHABLE_CODE = YES;
				CLANG_WARN__DUPLICATE_METHOD_MATCH = YES;
				COPY_PHASE_STRIP = NO;
				DEBUG_INFORMATION_FORMAT = dwarf;
				ENABLE_STRICT_OBJC_MSGSEND = YES;
				ENABLE_TESTABILITY = YES;
				ENABLE_USER_SCRIPT_SANDBOXING = YES;
				GCC_C_LANGUAGE_STANDARD = gnu17;
				GCC_DYNAMIC_NO_PIC = NO;
				GCC_NO_COMMON_BLOCKS = YES;
				GCC_OPTIMIZATION_LEVEL = 0;
				GCC_PREPROCESSOR_DEFINITIONS = (
					"DEBUG=1",
					"$(inherited)",
				);
				GCC_WARN_64_TO_32_BIT_CONVERSION = YES;
				GCC_WARN_ABOUT_RETURN_TYPE = YES_ERROR;
				GCC_WARN_UNDECLARED_SELECTOR = YES;
				GCC_WARN_UNINITIALIZED_AUTOS = YES_AGGRESSIVE;
				GCC_WARN_UNUSED_FUNCTION = YES;
				GCC_WARN_UNUSED_VARIABLE = YES;
				IPHONEOS_DEPLOYMENT_TARGET = 17.5;
				LOCALIZATION_PREFERS_STRING_CATALOGS = YES;
				MTL_ENABLE_DEBUG_INFO = INCLUDE_SOURCE;
				MTL_FAST_MATH = YES;
				ONLY_ACTIVE_ARCH = YES;
				SDKROOT = iphoneos;
				SWIFT_ACTIVE_COMPILATION_CONDITIONS = "DEBUG $(inherited)";
				SWIFT_OPTIMIZATION_LEVEL = "-Onone";
			};
			name = Debug;
		};
		4297AC962DDC98B2005842B2 /* Release */ = {
			isa = XCBuildConfiguration;
			buildSettings = {
				ALWAYS_SEARCH_USER_PATHS = NO;
				ASSETCATALOG_COMPILER_GENERATE_SWIFT_ASSET_SYMBOL_EXTENSIONS = YES;
				CLANG_ANALYZER_NONNULL = YES;
				CLANG_ANALYZER_NUMBER_OBJECT_CONVERSION = YES_AGGRESSIVE;
				CLANG_CXX_LANGUAGE_STANDARD = "gnu++20";
				CLANG_ENABLE_MODULES = YES;
				CLANG_ENABLE_OBJC_ARC = YES;
				CLANG_ENABLE_OBJC_WEAK = YES;
				CLANG_WARN_BLOCK_CAPTURE_AUTORELEASING = YES;
				CLANG_WARN_BOOL_CONVERSION = YES;
				CLANG_WARN_COMMA = YES;
				CLANG_WARN_CONSTANT_CONVERSION = YES;
				CLANG_WARN_DEPRECATED_OBJC_IMPLEMENTATIONS = YES;
				CLANG_WARN_DIRECT_OBJC_ISA_USAGE = YES_ERROR;
				CLANG_WARN_DOCUMENTATION_COMMENTS = YES;
				CLANG_WARN_EMPTY_BODY = YES;
				CLANG_WARN_ENUM_CONVERSION = YES;
				CLANG_WARN_INFINITE_RECURSION = YES;
				CLANG_WARN_INT_CONVERSION = YES;
				CLANG_WARN_NON_LITERAL_NULL_CONVERSION = YES;
				CLANG_WARN_OBJC_IMPLICIT_RETAIN_SELF = YES;
				CLANG_WARN_OBJC_LITERAL_CONVERSION = YES;
				CLANG_WARN_OBJC_ROOT_CLASS = YES_ERROR;
				CLANG_WARN_QUOTED_INCLUDE_IN_FRAMEWORK_HEADER = YES;
				CLANG_WARN_RANGE_LOOP_ANALYSIS = YES;
				CLANG_WARN_STRICT_PROTOTYPES = YES;
				CLANG_WARN_SUSPICIOUS_MOVE = YES;
				CLANG_WARN_UNGUARDED_AVAILABILITY = YES_AGGRESSIVE;
				CLANG_WARN_UNREACHABLE_CODE = YES;
				CLANG_WARN__DUPLICATE_METHOD_MATCH = YES;
				COPY_PHASE_STRIP = NO;
				DEBUG_INFORMATION_FORMAT = "dwarf-with-dsym";
				ENABLE_NS_ASSERTIONS = NO;
				ENABLE_STRICT_OBJC_MSGSEND = YES;
				ENABLE_USER_SCRIPT_SANDBOXING = YES;
				GCC_C_LANGUAGE_STANDARD = gnu17;
				GCC_NO_COMMON_BLOCKS = YES;
				GCC_WARN_64_TO_32_BIT_CONVERSION = YES;
				GCC_WARN_ABOUT_RETURN_TYPE = YES_ERROR;
				GCC_WARN_UNDECLARED_SELECTOR = YES;
				GCC_WARN_UNINITIALIZED_AUTOS = YES_AGGRESSIVE;
				GCC_WARN_UNUSED_FUNCTION = YES;
				GCC_WARN_UNUSED_VARIABLE = YES;
				IPHONEOS_DEPLOYMENT_TARGET = 17.5;
				LOCALIZATION_PREFERS_STRING_CATALOGS = YES;
				MTL_ENABLE_DEBUG_INFO = NO;
				MTL_FAST_MATH = YES;
				SDKROOT = iphoneos;
				SWIFT_COMPILATION_MODE = wholemodule;
				VALIDATE_PRODUCT = YES;
			};
			name = Release;
		};
		4297AC982DDC98B2005842B2 /* Debug */ = {
			isa = XCBuildConfiguration;
			buildSettings = {
				ASSETCATALOG_COMPILER_APPICON_NAME = AppIcon;
				ASSETCATALOG_COMPILER_GLOBAL_ACCENT_COLOR_NAME = AccentColor;
				CODE_SIGN_STYLE = Automatic;
				CURRENT_PROJECT_VERSION = 1;
				GENERATE_INFOPLIST_FILE = YES;
				INFOPLIST_FILE = App/Resources/Info.plist;
				INFOPLIST_KEY_UIApplicationSupportsIndirectInputEvents = YES;
				INFOPLIST_KEY_UILaunchStoryboardName = LaunchScreen;
				INFOPLIST_KEY_UIMainStoryboardFile = Main;
				INFOPLIST_KEY_UISupportedInterfaceOrientations_iPad = "UIInterfaceOrientationPortrait UIInterfaceOrientationPortraitUpsideDown UIInterfaceOrientationLandscapeLeft UIInterfaceOrientationLandscapeRight";
				INFOPLIST_KEY_UISupportedInterfaceOrientations_iPhone = "UIInterfaceOrientationPortrait UIInterfaceOrientationLandscapeLeft UIInterfaceOrientationLandscapeRight";
				LD_RUNPATH_SEARCH_PATHS = (
					"$(inherited)",
					"@executable_path/Frameworks",
				);
				MARKETING_VERSION = 1.0;
				PRODUCT_BUNDLE_IDENTIFIER = com.logicoptimum.HikingJournal;
				PRODUCT_NAME = "$(TARGET_NAME)";
				SWIFT_EMIT_LOC_STRINGS = YES;
				SWIFT_VERSION = 5.0;
				TARGETED_DEVICE_FAMILY = "1,2";
			};
			name = Debug;
		};
		4297AC992DDC98B2005842B2 /* Release */ = {
			isa = XCBuildConfiguration;
			buildSettings = {
				ASSETCATALOG_COMPILER_APPICON_NAME = AppIcon;
				ASSETCATALOG_COMPILER_GLOBAL_ACCENT_COLOR_NAME = AccentColor;
				CODE_SIGN_STYLE = Automatic;
				CURRENT_PROJECT_VERSION = 1;
				GENERATE_INFOPLIST_FILE = YES;
				INFOPLIST_FILE = App/Resources/Info.plist;
				INFOPLIST_KEY_UIApplicationSupportsIndirectInputEvents = YES;
				INFOPLIST_KEY_UILaunchStoryboardName = LaunchScreen;
				INFOPLIST_KEY_UIMainStoryboardFile = Main;
				INFOPLIST_KEY_UISupportedInterfaceOrientations_iPad = "UIInterfaceOrientationPortrait UIInterfaceOrientationPortraitUpsideDown UIInterfaceOrientationLandscapeLeft UIInterfaceOrientationLandscapeRight";
				INFOPLIST_KEY_UISupportedInterfaceOrientations_iPhone = "UIInterfaceOrientationPortrait UIInterfaceOrientationLandscapeLeft UIInterfaceOrientationLandscapeRight";
				LD_RUNPATH_SEARCH_PATHS = (
					"$(inherited)",
					"@executable_path/Frameworks",
				);
				MARKETING_VERSION = 1.0;
				PRODUCT_BUNDLE_IDENTIFIER = com.logicoptimum.HikingJournal;
				PRODUCT_NAME = "$(TARGET_NAME)";
				SWIFT_EMIT_LOC_STRINGS = YES;
				SWIFT_VERSION = 5.0;
				TARGETED_DEVICE_FAMILY = "1,2";
			};
			name = Release;
		};
/* End XCBuildConfiguration section */

/* Begin XCConfigurationList section */
		4297AC7E2DDC98B0005842B2 /* Build configuration list for PBXProject "HikingJournal" */ = {
			isa = XCConfigurationList;
			buildConfigurations = (
				4297AC952DDC98B2005842B2 /* Debug */,
				4297AC962DDC98B2005842B2 /* Release */,
			);
			defaultConfigurationIsVisible = 0;
			defaultConfigurationName = Release;
		};
		4297AC972DDC98B2005842B2 /* Build configuration list for PBXNativeTarget "HikingJournal" */ = {
			isa = XCConfigurationList;
			buildConfigurations = (
				4297AC982DDC98B2005842B2 /* Debug */,
				4297AC992DDC98B2005842B2 /* Release */,
			);
			defaultConfigurationIsVisible = 0;
			defaultConfigurationName = Release;
		};
/* End XCConfigurationList section */

/* Begin XCRemoteSwiftPackageReference section */
		4297AC9A2DDC9A67005842B2 /* XCRemoteSwiftPackageReference "hotwire-native-ios" */ = {
			isa = XCRemoteSwiftPackageReference;
			repositoryURL = "https://github.com/hotwired/hotwire-native-ios";
			requirement = {
				kind = upToNextMajorVersion;
				minimumVersion = 1.2.0;
			};
		};
/* End XCRemoteSwiftPackageReference section */

/* Begin XCSwiftPackageProductDependency section */
		4297AC9B2DDC9A67005842B2 /* HotwireNative */ = {
			isa = XCSwiftPackageProductDependency;
			package = 4297AC9A2DDC9A67005842B2 /* XCRemoteSwiftPackageReference "hotwire-native-ios" */;
			productName = HotwireNative;
		};
/* End XCSwiftPackageProductDependency section */
	};
	rootObject = 4297AC7B2DDC98B0005842B2 /* Project object */;
}
